
Microsoft Visual Studio Solution File, Format Version 12.00
# Visual Studio Version 16
VisualStudioVersion = 16.0.31613.86
MinimumVisualStudioVersion = 10.0.40219.1
Project("{FAE04EC0-301F-11D3-BF4B-00C04F79EFBC}") = "ConversorDeTemperturas", "ConversorDeTemperturas.csproj", "{75ADCA92-3162-4F77-A287-86EA816F60B6}"
EndProject
Global
	GlobalSection(SolutionConfigurationPlatforms) = preSolution
		Debug|Any CPU = Debug|Any CPU
		Release|Any CPU = Release|Any CPU
	EndGlobalSection
	GlobalSection(ProjectConfigurationPlatforms) = postSolution
		{75ADCA92-3162-4F77-A287-86EA816F60B6}.Debug|Any CPU.ActiveCfg = Debug|Any CPU
		{75ADCA92-3162-4F77-A287-86EA816F60B6}.Debug|Any CPU.Build.0 = Debug|Any CPU
		{75ADCA92-3162-4F77-A287-86EA816F60B6}.Release|Any CPU.ActiveCfg = Release|Any CPU
		{75ADCA92-3162-4F77-A287-86EA816F60B6}.Release|Any CPU.Build.0 = Release|Any CPU
	EndGlobalSection
	GlobalSection(SolutionProperties) = preSolution
		HideSolutionNode = FALSE
	EndGlobalSection
	GlobalSection(ExtensibilityGlobals) = postSolution
		SolutionGuid = {41E9E0DC-03D2-4010-A538-72F3A4DDB08E}
	EndGlobalSection
EndGlobal
